<?xml version="1.0" encoding="utf-8"?>
<Project ToolsVersion="4.0" xmlns="http://schemas.microsoft.com/developer/msbuild/2003">
  <ItemGroup>
    <Filter Include="Source Files">
      <UniqueIdentifier>{4FC737F1-C7A5-4376-A066-2A32D752A2FF}</UniqueIdentifier>
      <Extensions>cpp;c;cc;cxx;def;odl;idl;hpj;bat;asm;asmx</Extensions>
    </Filter>
    <Filter Include="Header Files">
      <UniqueIdentifier>{93995380-89BD-4b04-88EB-625FBE52EBFB}</UniqueIdentifier>
      <Extensions>h;hh;hpp;hxx;hm;inl;inc;xsd</Extensions>
    </Filter>
    <Filter Include="Resource Files">
      <UniqueIdentifier>{67DA6AB6-F800-4c08-8B7A-83BB121AAD01}</UniqueIdentifier>
      <Extensions>rc;ico;cur;bmp;dlg;rc2;rct;bin;rgs;gif;jpg;jpeg;jpe;resx;tiff;tif;png;wav;mfcribbon-ms</Extensions>
    </Filter>
  </ItemGroup>
  <ItemGroup>
    <ClCompile Include="app\Core\Core.cpp">
      <Filter>Source Files</Filter>
    </ClCompile>
    <ClCompile Include="app\app.cpp">
      <Filter>Source Files</Filter>
    </ClCompile>
    <ClCompile Include="app\Entities\Player.cpp">
      <Filter>Source Files</Filter>
    </ClCompile>
    <ClCompile Include="game.cpp">
      <Filter>Source Files</Filter>
    </ClCompile>
    <ClCompile Include="app\Easing\Bounce.cpp">
      <Filter>Source Files</Filter>
    </ClCompile>
    <ClCompile Include="app\Easing\Circ.cpp">
      <Filter>Source Files</Filter>
    </ClCompile>
    <ClCompile Include="app\Easing\Cubic.cpp">
      <Filter>Source Files</Filter>
    </ClCompile>
    <ClCompile Include="app\Easing\Elastic.cpp">
      <Filter>Source Files</Filter>
    </ClCompile>
    <ClCompile Include="app\Easing\Expo.cpp">
      <Filter>Source Files</Filter>
    </ClCompile>
    <ClCompile Include="app\Easing\Linear.cpp">
      <Filter>Source Files</Filter>
    </ClCompile>
    <ClCompile Include="app\Easing\Quad.cpp">
      <Filter>Source Files</Filter>
    </ClCompile>
    <ClCompile Include="app\Easing\Quart.cpp">
      <Filter>Source Files</Filter>
    </ClCompile>
    <ClCompile Include="app\Easing\Quint.cpp">
      <Filter>Source Files</Filter>
    </ClCompile>
    <ClCompile Include="app\Easing\Sine.cpp">
      <Filter>Source Files</Filter>
    </ClCompile>
    <ClCompile Include="app\Easing\Back.cpp">
      <Filter>Source Files</Filter>
    </ClCompile>
    <ClCompile Include="app\Entities\Entity.cpp">
      <Filter>Source Files</Filter>
    </ClCompile>
    <ClCompile Include="app\Music\Music.cpp">
      <Filter>Source Files</Filter>
    </ClCompile>
    <ClCompile Include="app\Entities\Enemy.cpp">
      <Filter>Source Files</Filter>
    </ClCompile>
    <ClCompile Include="app\Entities\Projectile.cpp">
      <Filter>Source Files</Filter>
    </ClCompile>
  </ItemGroup>
  <ItemGroup>
    <ClInclude Include="app\Core\Core.h">
      <Filter>Header Files</Filter>
    </ClInclude>
    <ClInclude Include="app\app.h">
      <Filter>Header Files</Filter>
    </ClInclude>
    <ClInclude Include="app\Textures\Texture.h">
      <Filter>Header Files</Filter>
    </ClInclude>
    <ClInclude Include="app\Entities\Player.h">
      <Filter>Header Files</Filter>
    </ClInclude>
    <ClInclude Include="app\Tiles\Tile.h">
      <Filter>Header Files</Filter>
    </ClInclude>
    <ClInclude Include="app\Easing\Bounce.h">
      <Filter>Header Files</Filter>
    </ClInclude>
    <ClInclude Include="app\Easing\Circ.h">
      <Filter>Header Files</Filter>
    </ClInclude>
    <ClInclude Include="app\Easing\Cubic.h">
      <Filter>Header Files</Filter>
    </ClInclude>
    <ClInclude Include="app\Easing\Elastic.h">
      <Filter>Header Files</Filter>
    </ClInclude>
    <ClInclude Include="app\Easing\Expo.h">
      <Filter>Header Files</Filter>
    </ClInclude>
    <ClInclude Include="app\Easing\Linear.h">
      <Filter>Header Files</Filter>
    </ClInclude>
    <ClInclude Include="app\Easing\Quad.h">
      <Filter>Header Files</Filter>
    </ClInclude>
    <ClInclude Include="app\Easing\Quart.h">
      <Filter>Header Files</Filter>
    </ClInclude>
    <ClInclude Include="app\Easing\Quint.h">
      <Filter>Header Files</Filter>
    </ClInclude>
    <ClInclude Include="app\Easing\Sine.h">
      <Filter>Header Files</Filter>
    </ClInclude>
    <ClInclude Include="app\Easing\Back.h">
      <Filter>Header Files</Filter>
    </ClInclude>
    <ClInclude Include="app\Entities\Entity.h">
      <Filter>Header Files</Filter>
    </ClInclude>
    <ClInclude Include="app\Music\Music.h">
      <Filter>Header Files</Filter>
    </ClInclude>
    <ClInclude Include="app\Entities\Enemy.h">
      <Filter>Header Files</Filter>
    </ClInclude>
  </ItemGroup>
  <ItemGroup>
    <Font Include="resources\fonts\BarlowSemiCondensed-Light.ttf" />
    <Font Include="resources\fonts\Roboto-Regular.ttf" />
    <Font Include="resources\fonts\Roboto-Light.ttf" />
  </ItemGroup>
  <ItemGroup>
    <Xml Include="resources\maps\defaultMap.xml" />
    <Xml Include="resources\tiles\Floor.xml" />
    <Xml Include="resources\tiles\Tilesheet.xml" />
    <Xml Include="resources\maps\newMap.xml" />
  </ItemGroup>
  <ItemGroup>
    <Image Include="resources\tiles\forest_tiles.png">
      <Filter>Resource Files</Filter>
    </Image>
    <Image Include="resources\tiles\Floor.png">
      <Filter>Resource Files</Filter>
    </Image>
    <Image Include="resources\sprites\playersprite.png">
      <Filter>Resource Files</Filter>
    </Image>
    <Image Include="resources\UI\char_bg.png">
      <Filter>Resource Files</Filter>
    </Image>
    <Image Include="resources\UI\health_bg.png">
      <Filter>Resource Files</Filter>
    </Image>
    <Image Include="resources\UI\mana_bg.png">
      <Filter>Resource Files</Filter>
    </Image>
    <Image Include="resources\UI\health_bar.png">
      <Filter>Resource Files</Filter>
    </Image>
    <Image Include="..\..\..\Desktop\new game\img\Tilesheet\tilesheet_complete.png">
      <Filter>Resource Files</Filter>
    </Image>
    <Image Include="resources\tiles\Tilesheet.png">
      <Filter>Resource Files</Filter>
    </Image>
    <Image Include="resources\sprites\characters.png">
      <Filter>Resource Files</Filter>
    </Image>
  </ItemGroup>
  <ItemGroup>
    <None Include="resources\sounds\prologue.ogg" />
    <None Include="resources\sounds\no-more-magic.ogg" />
    <None Include="app\Entities\Projectile.h" />
  </ItemGroup>
</Project>